{
    "_readme": [
        "This file locks the dependencies of your project to a known state",
        "Read more about it at https://getcomposer.org/doc/01-basic-usage.md#installing-dependencies",
        "This file is @generated automatically"
    ],
    "content-hash": "8f8f7bd87478ead246fce303f5972c41",
    "packages": [
        {
            "name": "abraham/twitteroauth",
            "version": "1.0.1",
            "source": {
                "type": "git",
                "url": "https://github.com/abraham/twitteroauth.git",
                "reference": "ed70c5de0ea33439fde124d0d7109460bbb59a71"
            },
            "dist": {
                "type": "zip",
                "url": "https://api.github.com/repos/abraham/twitteroauth/zipball/ed70c5de0ea33439fde124d0d7109460bbb59a71",
                "reference": "ed70c5de0ea33439fde124d0d7109460bbb59a71",
                "shasum": ""
            },
            "require": {
                "ext-curl": "*",
                "php": "^5.6 || ^7.0 || ^7.1 || ^7.2"
            },
            "require-dev": {
                "phpmd/phpmd": "~2.6",
                "phpunit/phpunit": "~5.7",
                "squizlabs/php_codesniffer": "~3.0"
            },
            "type": "library",
            "autoload": {
                "psr-4": {
                    "Abraham\\TwitterOAuth\\": "src"
                }
            },
            "notification-url": "https://packagist.org/downloads/",
            "license": [
                "MIT"
            ],
            "authors": [
                {
                    "name": "Abraham Williams",
                    "email": "abraham@abrah.am",
                    "homepage": "https://abrah.am",
                    "role": "Developer"
                }
            ],
            "description": "The most popular PHP library for use with the Twitter OAuth REST API.",
            "homepage": "https://twitteroauth.com",
            "keywords": [
                "Twitter API",
                "Twitter oAuth",
                "api",
                "oauth",
                "rest",
                "social",
                "twitter"
            ],
            "support": {
                "issues": "https://github.com/abraham/twitteroauth/issues",
                "source": "https://github.com/abraham/twitteroauth"
            },
            "time": "2019-01-20T17:52:37+00:00"
        },
        {
            "name": "foroco/php-browser-detection",
            "version": "v2.1",
            "source": {
                "type": "git",
                "url": "https://github.com/foroco/php-browser-detection.git",
                "reference": "a5fcdab73d44b2eea556e521979f655952dc8ffa"
            },
            "dist": {
                "type": "zip",
                "url": "https://api.github.com/repos/foroco/php-browser-detection/zipball/a5fcdab73d44b2eea556e521979f655952dc8ffa",
                "reference": "a5fcdab73d44b2eea556e521979f655952dc8ffa",
                "shasum": ""
            },
            "require": {
                "php": ">=5.3.0"
            },
            "type": "library",
            "autoload": {
                "classmap": [
                    "src/BrowserDetection.php"
                ]
            },
            "notification-url": "https://packagist.org/downloads/",
            "license": [
                "MIT"
            ],
            "authors": [
                {
                    "name": "Artem Murugov",
                    "email": "murugov@gmail.com",
                    "homepage": "https://github.com/foroco/",
                    "role": "Developer"
                }
            ],
            "description": "Ultra fast PHP library to detect browser, OS, platform and device type by User-Agent parsing.",
            "homepage": "https://github.com/foroco/php-browser-detection",
            "keywords": [
                "browser",
                "detection",
                "environment",
                "php",
                "user-agent",
                "useragent"
            ],
            "support": {
                "issues": "https://github.com/foroco/php-browser-detection/issues",
                "source": "https://github.com/foroco/php-browser-detection/tree/v2.1"
            },
            "time": "2021-04-06T20:18:24+00:00"
        }
    ],
    "packages-dev": [],
    "aliases": [],
    "minimum-stability": "stable",
    "stability-flags": [],
    "prefer-stable": false,
    "prefer-lowest": false,
    "platform": [],
    "platform-dev": [],
    "platform-overrides": {
        "php": "7.0.33"
    },
    "plugin-api-version": "2.0.0"
}
