{
    "_readme": [
        "This file locks the dependencies of your project to a known state",
        "Read more about it at https://getcomposer.org/doc/01-basic-usage.md#installing-dependencies",
        "This file is @generated automatically"
    ],
    "content-hash": "48bc2d7a0893c5bc8693b82adfaf6d34",
    "packages": [
        {
            "name": "foroco/php-browser-detection",
            "version": "v2.1",
            "source": {
                "type": "git",
                "url": "https://github.com/foroco/php-browser-detection.git",
                "reference": "a5fcdab73d44b2eea556e521979f655952dc8ffa"
            },
            "dist": {
                "type": "zip",
                "url": "https://api.github.com/repos/foroco/php-browser-detection/zipball/a5fcdab73d44b2eea556e521979f655952dc8ffa",
                "reference": "a5fcdab73d44b2eea556e521979f655952dc8ffa",
                "shasum": ""
            },
            "require": {
                "php": ">=5.3.0"
            },
            "type": "library",
            "autoload": {
                "classmap": [
                    "src/BrowserDetection.php"
                ]
            },
            "notification-url": "https://packagist.org/downloads/",
            "license": [
                "MIT"
            ],
            "authors": [
                {
                    "name": "Artem Murugov",
                    "email": "murugov@gmail.com",
                    "homepage": "https://github.com/foroco/",
                    "role": "Developer"
                }
            ],
            "description": "Ultra fast PHP library to detect browser, OS, platform and device type by User-Agent parsing.",
            "homepage": "https://github.com/foroco/php-browser-detection",
            "keywords": [
                "browser",
                "detection",
                "environment",
                "php",
                "user-agent",
                "useragent"
            ],
            "support": {
                "issues": "https://github.com/foroco/php-browser-detection/issues",
                "source": "https://github.com/foroco/php-browser-detection/tree/v2.1"
            },
            "time": "2021-04-06T20:18:24+00:00"
        }
    ],
    "packages-dev": [],
    "aliases": [],
    "minimum-stability": "stable",
    "stability-flags": [],
    "prefer-stable": false,
    "prefer-lowest": false,
    "platform": {
        "php": "^7.4",
        "ext-json": "*"
    },
    "platform-dev": [],
    "platform-overrides": {
        "php": "7.4.3"
    },
    "plugin-api-version": "2.6.0"
}
